
Microsoft Visual Studio Solution File, Format Version 12.00
# Visual Studio Version 17
VisualStudioVersion = 17.6.33723.286
MinimumVisualStudioVersion = 10.0.40219.1
Project("{FAE04EC0-301F-11D3-BF4B-00C04F79EFBC}") = "CMI_lab3", "CMI_lab3.csproj", "{4086003E-45FF-4175-8941-4EDF344195A3}"
EndProject
Global
	GlobalSection(SolutionConfigurationPlatforms) = preSolution
		Debug|Any CPU = Debug|Any CPU
		Release|Any CPU = Release|Any CPU
	EndGlobalSection
	GlobalSection(ProjectConfigurationPlatforms) = postSolution
		{4086003E-45FF-4175-8941-4EDF344195A3}.Debug|Any CPU.ActiveCfg = Debug|Any CPU
		{4086003E-45FF-4175-8941-4EDF344195A3}.Debug|Any CPU.Build.0 = Debug|Any CPU
		{4086003E-45FF-4175-8941-4EDF344195A3}.Release|Any CPU.ActiveCfg = Release|Any CPU
		{4086003E-45FF-4175-8941-4EDF344195A3}.Release|Any CPU.Build.0 = Release|Any CPU
	EndGlobalSection
	GlobalSection(SolutionProperties) = preSolution
		HideSolutionNode = FALSE
	EndGlobalSection
	GlobalSection(ExtensibilityGlobals) = postSolution
		SolutionGuid = {47BD4AB0-3DB2-48C9-B0BF-01D2FD9C84C3}
	EndGlobalSection
EndGlobal
